
Microsoft Visual Studio Solution File, Format Version 12.00
# Visual Studio Version 17
VisualStudioVersion = 17.7.34009.444
MinimumVisualStudioVersion = 10.0.40219.1
Project("{FAE04EC0-301F-11D3-BF4B-00C04F79EFBC}") = "console", "console\console.csproj", "{8553D0A5-59D6-4F02-A027-DEDBFCE79AB2}"
EndProject
Project("{FAE04EC0-301F-11D3-BF4B-00C04F79EFBC}") = "Variable", "..\Variable\Variable.csproj", "{7AAA1E50-FE6E-48D1-9064-924912CA2EC7}"
EndProject
Project("{FAE04EC0-301F-11D3-BF4B-00C04F79EFBC}") = "Function", "..\Function\Function.csproj", "{DE213598-47E6-4B38-A908-A389C2DA2478}"
EndProject
Global
	GlobalSection(SolutionConfigurationPlatforms) = preSolution
		Debug|Any CPU = Debug|Any CPU
		Release|Any CPU = Release|Any CPU
	EndGlobalSection
	GlobalSection(ProjectConfigurationPlatforms) = postSolution
		{8553D0A5-59D6-4F02-A027-DEDBFCE79AB2}.Debug|Any CPU.ActiveCfg = Debug|Any CPU
		{8553D0A5-59D6-4F02-A027-DEDBFCE79AB2}.Debug|Any CPU.Build.0 = Debug|Any CPU
		{8553D0A5-59D6-4F02-A027-DEDBFCE79AB2}.Release|Any CPU.ActiveCfg = Release|Any CPU
		{8553D0A5-59D6-4F02-A027-DEDBFCE79AB2}.Release|Any CPU.Build.0 = Release|Any CPU
		{7AAA1E50-FE6E-48D1-9064-924912CA2EC7}.Debug|Any CPU.ActiveCfg = Debug|Any CPU
		{7AAA1E50-FE6E-48D1-9064-924912CA2EC7}.Debug|Any CPU.Build.0 = Debug|Any CPU
		{7AAA1E50-FE6E-48D1-9064-924912CA2EC7}.Release|Any CPU.ActiveCfg = Release|Any CPU
		{7AAA1E50-FE6E-48D1-9064-924912CA2EC7}.Release|Any CPU.Build.0 = Release|Any CPU
		{DE213598-47E6-4B38-A908-A389C2DA2478}.Debug|Any CPU.ActiveCfg = Debug|Any CPU
		{DE213598-47E6-4B38-A908-A389C2DA2478}.Debug|Any CPU.Build.0 = Debug|Any CPU
		{DE213598-47E6-4B38-A908-A389C2DA2478}.Release|Any CPU.ActiveCfg = Release|Any CPU
		{DE213598-47E6-4B38-A908-A389C2DA2478}.Release|Any CPU.Build.0 = Release|Any CPU
	EndGlobalSection
	GlobalSection(SolutionProperties) = preSolution
		HideSolutionNode = FALSE
	EndGlobalSection
	GlobalSection(ExtensibilityGlobals) = postSolution
		SolutionGuid = {24BD13D0-B594-49EE-8A73-2DC88D3DDE67}
	EndGlobalSection
EndGlobal
